{
    "name": "@webwriter/website-builder",
    "version": "0.0.1",
    "lockfileVersion": 3,
    "requires": true,
    "packages": {
        "": {
            "name": "@webwriter/website-builder",
            "version": "0.0.1",
            "license": "MIT",
            "dependencies": {
                "@shoelace-style/shoelace": "^2.20.1",
                "@webwriter/lit": "^2",
                "lit": "^3.3.2"
            },
            "devDependencies": {
                "@lit/localize-tools": "^0.8"
            }
        },
        "node_modules/@ctrl/tinycolor": {
            "version": "4.2.0",
            "resolved": "https://registry.npmjs.org/@ctrl/tinycolor/-/tinycolor-4.2.0.tgz",
            "integrity": "sha512-kzyuwOAQnXJNLS9PSyrk0CWk35nWJW/zl/6KvnTBMFK65gm7U1/Z5BqjxeapjZCIhQcM/DsrEmcbRwDyXyXK4A==",
            "license": "MIT",
            "engines": {
                "node": ">=14"
            }
        },
        "node_modules/@floating-ui/core": {
            "version": "1.7.3",
            "resolved": "https://registry.npmjs.org/@floating-ui/core/-/core-1.7.3.tgz",
            "integrity": "sha512-sGnvb5dmrJaKEZ+LDIpguvdX3bDlEllmv4/ClQ9awcmCZrlx5jQyyMWFM5kBI+EyNOCDDiKk8il0zeuX3Zlg/w==",
            "license": "MIT",
            "dependencies": {
                "@floating-ui/utils": "^0.2.10"
            }
        },
        "node_modules/@floating-ui/dom": {
            "version": "1.7.4",
            "resolved": "https://registry.npmjs.org/@floating-ui/dom/-/dom-1.7.4.tgz",
            "integrity": "sha512-OOchDgh4F2CchOX94cRVqhvy7b3AFb+/rQXyswmzmGakRfkMgoWVjfnLWkRirfLEfuD4ysVW16eXzwt3jHIzKA==",
            "license": "MIT",
            "dependencies": {
                "@floating-ui/core": "^1.7.3",
                "@floating-ui/utils": "^0.2.10"
            }
        },
        "node_modules/@floating-ui/utils": {
            "version": "0.2.10",
            "resolved": "https://registry.npmjs.org/@floating-ui/utils/-/utils-0.2.10.tgz",
            "integrity": "sha512-aGTxbpbg8/b5JfU1HXSrbH3wXZuLPJcNEcZQFMxLs3oSzgtVu6nFPkbbGGUvBcUjKV2YyB9Wxxabo+HEH9tcRQ==",
            "license": "MIT",
            "peer": true
        },
        "node_modules/@lit-labs/ssr-dom-shim": {
            "version": "1.4.0",
            "resolved": "https://registry.npmjs.org/@lit-labs/ssr-dom-shim/-/ssr-dom-shim-1.4.0.tgz",
            "integrity": "sha512-ficsEARKnmmW5njugNYKipTm4SFnbik7CXtoencDZzmzo/dQ+2Q0bgkzJuoJP20Aj0F+izzJjOqsnkd6F/o1bw==",
            "license": "BSD-3-Clause"
        },
        "node_modules/@lit/localize": {
            "version": "0.12.2",
            "resolved": "https://registry.npmjs.org/@lit/localize/-/localize-0.12.2.tgz",
            "integrity": "sha512-Qv9kvgJKDq/JVSwXOxuWvQnnOBysHA99ti9im9a4fImCmx+fto+XXcUYQbjZHqiueEEc4V20PcRDPO+1g/6seQ==",
            "dev": true,
            "license": "BSD-3-Clause",
            "dependencies": {
                "lit": "^3.2.0"
            }
        },
        "node_modules/@lit/localize-tools": {
            "version": "0.8.0",
            "resolved": "https://registry.npmjs.org/@lit/localize-tools/-/localize-tools-0.8.0.tgz",
            "integrity": "sha512-18HY8Ln8ZhSW2CYlXY9+CgDeEoxIY4dBvJ7W5fOe5262NvWEQghMgEC01WT9SQm4Non9C42aDGEYLEegw2ZBhw==",
            "dev": true,
            "license": "BSD-3-Clause",
            "dependencies": {
                "@lit/localize": "^0.12.0",
                "@parse5/tools": "^0.3.0",
                "@xmldom/xmldom": "^0.8.2",
                "fast-glob": "^3.2.7",
                "fs-extra": "^10.0.0",
                "jsonschema": "^1.4.0",
                "lit": "^3.2.0",
                "minimist": "^1.2.5",
                "parse5": "^7.1.1",
                "source-map-support": "^0.5.19",
                "typescript": "~5.5.0"
            },
            "bin": {
                "lit-localize": "bin/lit-localize.js"
            }
        },
        "node_modules/@lit/react": {
            "version": "1.0.8",
            "resolved": "https://registry.npmjs.org/@lit/react/-/react-1.0.8.tgz",
            "integrity": "sha512-p2+YcF+JE67SRX3mMlJ1TKCSTsgyOVdAwd/nxp3NuV1+Cb6MWALbN6nT7Ld4tpmYofcE5kcaSY1YBB9erY+6fw==",
            "license": "BSD-3-Clause",
            "peerDependencies": {
                "@types/react": "17 || 18 || 19"
            }
        },
        "node_modules/@lit/reactive-element": {
            "version": "2.1.1",
            "resolved": "https://registry.npmjs.org/@lit/reactive-element/-/reactive-element-2.1.1.tgz",
            "integrity": "sha512-N+dm5PAYdQ8e6UlywyyrgI2t++wFGXfHx+dSJ1oBrg6FAxUj40jId++EaRm80MKX5JnlH1sBsyZ5h0bcZKemCg==",
            "license": "BSD-3-Clause",
            "dependencies": {
                "@lit-labs/ssr-dom-shim": "^1.4.0"
            }
        },
        "node_modules/@nodelib/fs.scandir": {
            "version": "2.1.5",
            "resolved": "https://registry.npmjs.org/@nodelib/fs.scandir/-/fs.scandir-2.1.5.tgz",
            "integrity": "sha512-vq24Bq3ym5HEQm2NKCr3yXDwjc7vTsEThRDnkp2DK9p1uqLR+DHurm/NOTo0KG7HYHU7eppKZj3MyqYuMBf62g==",
            "dev": true,
            "license": "MIT",
            "dependencies": {
                "@nodelib/fs.stat": "2.0.5",
                "run-parallel": "^1.1.9"
            },
            "engines": {
                "node": ">= 8"
            }
        },
        "node_modules/@nodelib/fs.stat": {
            "version": "2.0.5",
            "resolved": "https://registry.npmjs.org/@nodelib/fs.stat/-/fs.stat-2.0.5.tgz",
            "integrity": "sha512-RkhPPp2zrqDAQA/2jNhnztcPAlv64XdhIp7a7454A5ovI7Bukxgt7MX7udwAu3zg1DcpPU0rz3VV1SeaqvY4+A==",
            "dev": true,
            "license": "MIT",
            "engines": {
                "node": ">= 8"
            }
        },
        "node_modules/@nodelib/fs.walk": {
            "version": "1.2.8",
            "resolved": "https://registry.npmjs.org/@nodelib/fs.walk/-/fs.walk-1.2.8.tgz",
            "integrity": "sha512-oGB+UxlgWcgQkgwo8GcEGwemoTFt3FIO9ababBmaGwXIoBKZ+GTy0pP185beGg7Llih/NSHSV2XAs1lnznocSg==",
            "dev": true,
            "license": "MIT",
            "dependencies": {
                "@nodelib/fs.scandir": "2.1.5",
                "fastq": "^1.6.0"
            },
            "engines": {
                "node": ">= 8"
            }
        },
        "node_modules/@open-wc/dedupe-mixin": {
            "version": "2.0.1",
            "resolved": "https://registry.npmjs.org/@open-wc/dedupe-mixin/-/dedupe-mixin-2.0.1.tgz",
            "integrity": "sha512-+R4VxvceUxHAUJXJQipkkoV9fy10vNo+OnUnGKZnVmcwxMl460KLzytnUM4S35SI073R0yZQp9ra0MbPUwVcEA==",
            "license": "MIT"
        },
        "node_modules/@open-wc/scoped-elements": {
            "version": "3.0.6",
            "resolved": "https://registry.npmjs.org/@open-wc/scoped-elements/-/scoped-elements-3.0.6.tgz",
            "integrity": "sha512-w1ayJaUUmBw8tALtqQ6cBueld+op+bufujzbrOdH0uCTXnSQkONYZzOH+9jyQ8auVgKLqcxZ8oU6SzfqQhQkPg==",
            "license": "MIT",
            "dependencies": {
                "@open-wc/dedupe-mixin": "^2.0.0",
                "lit": "^3.0.0"
            }
        },
        "node_modules/@parse5/tools": {
            "version": "0.3.0",
            "resolved": "https://registry.npmjs.org/@parse5/tools/-/tools-0.3.0.tgz",
            "integrity": "sha512-zxRyTHkqb7WQMV8kTNBKWb1BeOFUKXBXTBWuxg9H9hfvQB3IwP6Iw2U75Ia5eyRxPNltmY7E8YAlz6zWwUnjKg==",
            "dev": true,
            "license": "MIT",
            "dependencies": {
                "parse5": "^7.0.0"
            }
        },
        "node_modules/@shoelace-style/animations": {
            "version": "1.2.0",
            "resolved": "https://registry.npmjs.org/@shoelace-style/animations/-/animations-1.2.0.tgz",
            "integrity": "sha512-avvo1xxkLbv2dgtabdewBbqcJfV0e0zCwFqkPMnHFGbJbBHorRFfMAHh1NG9ymmXn0jW95ibUVH03E1NYXD6Gw==",
            "license": "MIT",
            "funding": {
                "type": "individual",
                "url": "https://github.com/sponsors/claviska"
            }
        },
        "node_modules/@shoelace-style/localize": {
            "version": "3.2.1",
            "resolved": "https://registry.npmjs.org/@shoelace-style/localize/-/localize-3.2.1.tgz",
            "integrity": "sha512-r4C9C/5kSfMBIr0D9imvpRdCNXtUNgyYThc4YlS6K5Hchv1UyxNQ9mxwj+BTRH2i1Neits260sR3OjKMnplsFA==",
            "license": "MIT"
        },
        "node_modules/@shoelace-style/shoelace": {
            "version": "2.20.1",
            "resolved": "https://registry.npmjs.org/@shoelace-style/shoelace/-/shoelace-2.20.1.tgz",
            "integrity": "sha512-FSghU95jZPGbwr/mybVvk66qRZYpx5FkXL+vLNpy1Vp8UsdwSxXjIHE3fsvMbKWTKi9UFfewHTkc5e7jAqRYoQ==",
            "license": "MIT",
            "dependencies": {
                "@ctrl/tinycolor": "^4.1.0",
                "@floating-ui/dom": "^1.6.12",
                "@lit/react": "^1.0.6",
                "@shoelace-style/animations": "^1.2.0",
                "@shoelace-style/localize": "^3.2.1",
                "composed-offset-position": "^0.0.6",
                "lit": "^3.2.1",
                "qr-creator": "^1.0.0"
            },
            "engines": {
                "node": ">=14.17.0"
            },
            "funding": {
                "type": "individual",
                "url": "https://github.com/sponsors/claviska"
            }
        },
        "node_modules/@types/react": {
            "version": "19.2.7",
            "resolved": "https://registry.npmjs.org/@types/react/-/react-19.2.7.tgz",
            "integrity": "sha512-MWtvHrGZLFttgeEj28VXHxpmwYbor/ATPYbBfSFZEIRK0ecCFLl2Qo55z52Hss+UV9CRN7trSeq1zbgx7YDWWg==",
            "license": "MIT",
            "peer": true,
            "dependencies": {
                "csstype": "^3.2.2"
            }
        },
        "node_modules/@types/trusted-types": {
            "version": "2.0.7",
            "resolved": "https://registry.npmjs.org/@types/trusted-types/-/trusted-types-2.0.7.tgz",
            "integrity": "sha512-ScaPdn1dQczgbl0QFTeTOmVHFULt394XJgOQNoyVhZ6r2vLnMLJfBPd53SB52T/3G36VI1/g2MZaX0cwDuXsfw==",
            "license": "MIT"
        },
        "node_modules/@webwriter/lit": {
            "version": "2.1.8",
            "resolved": "https://registry.npmjs.org/@webwriter/lit/-/lit-2.1.8.tgz",
            "integrity": "sha512-bT112SaXzZn/AH1CpZzUnfLrvPZChEeQX7fuEWQ9exBR3NR60GZa+7t/XgAgVPzICCR+O8PGfGjZC8lC0JhxiA==",
            "license": "MIT",
            "dependencies": {
                "@open-wc/scoped-elements": "^3.0.5"
            },
            "peerDependencies": {
                "lit": "^3.3.0"
            }
        },
        "node_modules/@xmldom/xmldom": {
            "version": "0.8.11",
            "resolved": "https://registry.npmjs.org/@xmldom/xmldom/-/xmldom-0.8.11.tgz",
            "integrity": "sha512-cQzWCtO6C8TQiYl1ruKNn2U6Ao4o4WBBcbL61yJl84x+j5sOWWFU9X7DpND8XZG3daDppSsigMdfAIl2upQBRw==",
            "dev": true,
            "license": "MIT",
            "engines": {
                "node": ">=10.0.0"
            }
        },
        "node_modules/braces": {
            "version": "3.0.3",
            "resolved": "https://registry.npmjs.org/braces/-/braces-3.0.3.tgz",
            "integrity": "sha512-yQbXgO/OSZVD2IsiLlro+7Hf6Q18EJrKSEsdoMzKePKXct3gvD8oLcOQdIzGupr5Fj+EDe8gO/lxc1BzfMpxvA==",
            "dev": true,
            "license": "MIT",
            "dependencies": {
                "fill-range": "^7.1.1"
            },
            "engines": {
                "node": ">=8"
            }
        },
        "node_modules/buffer-from": {
            "version": "1.1.2",
            "resolved": "https://registry.npmjs.org/buffer-from/-/buffer-from-1.1.2.tgz",
            "integrity": "sha512-E+XQCRwSbaaiChtv6k6Dwgc+bx+Bs6vuKJHHl5kox/BaKbhiXzqQOwK4cO22yElGp2OCmjwVhT3HmxgyPGnJfQ==",
            "dev": true,
            "license": "MIT"
        },
        "node_modules/composed-offset-position": {
            "version": "0.0.6",
            "resolved": "https://registry.npmjs.org/composed-offset-position/-/composed-offset-position-0.0.6.tgz",
            "integrity": "sha512-Q7dLompI6lUwd7LWyIcP66r4WcS9u7AL2h8HaeipiRfCRPLMWqRx8fYsjb4OHi6UQFifO7XtNC2IlEJ1ozIFxw==",
            "license": "MIT",
            "peerDependencies": {
                "@floating-ui/utils": "^0.2.5"
            }
        },
        "node_modules/csstype": {
            "version": "3.2.3",
            "resolved": "https://registry.npmjs.org/csstype/-/csstype-3.2.3.tgz",
            "integrity": "sha512-z1HGKcYy2xA8AGQfwrn0PAy+PB7X/GSj3UVJW9qKyn43xWa+gl5nXmU4qqLMRzWVLFC8KusUX8T/0kCiOYpAIQ==",
            "license": "MIT"
        },
        "node_modules/entities": {
            "version": "6.0.1",
            "resolved": "https://registry.npmjs.org/entities/-/entities-6.0.1.tgz",
            "integrity": "sha512-aN97NXWF6AWBTahfVOIrB/NShkzi5H7F9r1s9mD3cDj4Ko5f2qhhVoYMibXF7GlLveb/D2ioWay8lxI97Ven3g==",
            "dev": true,
            "license": "BSD-2-Clause",
            "engines": {
                "node": ">=0.12"
            },
            "funding": {
                "url": "https://github.com/fb55/entities?sponsor=1"
            }
        },
        "node_modules/fast-glob": {
            "version": "3.3.3",
            "resolved": "https://registry.npmjs.org/fast-glob/-/fast-glob-3.3.3.tgz",
            "integrity": "sha512-7MptL8U0cqcFdzIzwOTHoilX9x5BrNqye7Z/LuC7kCMRio1EMSyqRK3BEAUD7sXRq4iT4AzTVuZdhgQ2TCvYLg==",
            "dev": true,
            "license": "MIT",
            "dependencies": {
                "@nodelib/fs.stat": "^2.0.2",
                "@nodelib/fs.walk": "^1.2.3",
                "glob-parent": "^5.1.2",
                "merge2": "^1.3.0",
                "micromatch": "^4.0.8"
            },
            "engines": {
                "node": ">=8.6.0"
            }
        },
        "node_modules/fastq": {
            "version": "1.19.1",
            "resolved": "https://registry.npmjs.org/fastq/-/fastq-1.19.1.tgz",
            "integrity": "sha512-GwLTyxkCXjXbxqIhTsMI2Nui8huMPtnxg7krajPJAjnEG/iiOS7i+zCtWGZR9G0NBKbXKh6X9m9UIsYX/N6vvQ==",
            "dev": true,
            "license": "ISC",
            "dependencies": {
                "reusify": "^1.0.4"
            }
        },
        "node_modules/fill-range": {
            "version": "7.1.1",
            "resolved": "https://registry.npmjs.org/fill-range/-/fill-range-7.1.1.tgz",
            "integrity": "sha512-YsGpe3WHLK8ZYi4tWDg2Jy3ebRz2rXowDxnld4bkQB00cc/1Zw9AWnC0i9ztDJitivtQvaI9KaLyKrc+hBW0yg==",
            "dev": true,
            "license": "MIT",
            "dependencies": {
                "to-regex-range": "^5.0.1"
            },
            "engines": {
                "node": ">=8"
            }
        },
        "node_modules/fs-extra": {
            "version": "10.1.0",
            "resolved": "https://registry.npmjs.org/fs-extra/-/fs-extra-10.1.0.tgz",
            "integrity": "sha512-oRXApq54ETRj4eMiFzGnHWGy+zo5raudjuxN0b8H7s/RU2oW0Wvsx9O0ACRN/kRq9E8Vu/ReskGB5o3ji+FzHQ==",
            "dev": true,
            "license": "MIT",
            "dependencies": {
                "graceful-fs": "^4.2.0",
                "jsonfile": "^6.0.1",
                "universalify": "^2.0.0"
            },
            "engines": {
                "node": ">=12"
            }
        },
        "node_modules/glob-parent": {
            "version": "5.1.2",
            "resolved": "https://registry.npmjs.org/glob-parent/-/glob-parent-5.1.2.tgz",
            "integrity": "sha512-AOIgSQCepiJYwP3ARnGx+5VnTu2HBYdzbGP45eLw1vr3zB3vZLeyed1sC9hnbcOc9/SrMyM5RPQrkGz4aS9Zow==",
            "dev": true,
            "license": "ISC",
            "dependencies": {
                "is-glob": "^4.0.1"
            },
            "engines": {
                "node": ">= 6"
            }
        },
        "node_modules/graceful-fs": {
            "version": "4.2.11",
            "resolved": "https://registry.npmjs.org/graceful-fs/-/graceful-fs-4.2.11.tgz",
            "integrity": "sha512-RbJ5/jmFcNNCcDV5o9eTnBLJ/HszWV0P73bc+Ff4nS/rJj+YaS6IGyiOL0VoBYX+l1Wrl3k63h/KrH+nhJ0XvQ==",
            "dev": true,
            "license": "ISC"
        },
        "node_modules/is-extglob": {
            "version": "2.1.1",
            "resolved": "https://registry.npmjs.org/is-extglob/-/is-extglob-2.1.1.tgz",
            "integrity": "sha512-SbKbANkN603Vi4jEZv49LeVJMn4yGwsbzZworEoyEiutsN3nJYdbO36zfhGJ6QEDpOZIFkDtnq5JRxmvl3jsoQ==",
            "dev": true,
            "license": "MIT",
            "engines": {
                "node": ">=0.10.0"
            }
        },
        "node_modules/is-glob": {
            "version": "4.0.3",
            "resolved": "https://registry.npmjs.org/is-glob/-/is-glob-4.0.3.tgz",
            "integrity": "sha512-xelSayHH36ZgE7ZWhli7pW34hNbNl8Ojv5KVmkJD4hBdD3th8Tfk9vYasLM+mXWOZhFkgZfxhLSnrwRr4elSSg==",
            "dev": true,
            "license": "MIT",
            "dependencies": {
                "is-extglob": "^2.1.1"
            },
            "engines": {
                "node": ">=0.10.0"
            }
        },
        "node_modules/is-number": {
            "version": "7.0.0",
            "resolved": "https://registry.npmjs.org/is-number/-/is-number-7.0.0.tgz",
            "integrity": "sha512-41Cifkg6e8TylSpdtTpeLVMqvSBEVzTttHvERD741+pnZ8ANv0004MRL43QKPDlK9cGvNp6NZWZUBlbGXYxxng==",
            "dev": true,
            "license": "MIT",
            "engines": {
                "node": ">=0.12.0"
            }
        },
        "node_modules/jsonfile": {
            "version": "6.2.0",
            "resolved": "https://registry.npmjs.org/jsonfile/-/jsonfile-6.2.0.tgz",
            "integrity": "sha512-FGuPw30AdOIUTRMC2OMRtQV+jkVj2cfPqSeWXv1NEAJ1qZ5zb1X6z1mFhbfOB/iy3ssJCD+3KuZ8r8C3uVFlAg==",
            "dev": true,
            "license": "MIT",
            "dependencies": {
                "universalify": "^2.0.0"
            },
            "optionalDependencies": {
                "graceful-fs": "^4.1.6"
            }
        },
        "node_modules/jsonschema": {
            "version": "1.5.0",
            "resolved": "https://registry.npmjs.org/jsonschema/-/jsonschema-1.5.0.tgz",
            "integrity": "sha512-K+A9hhqbn0f3pJX17Q/7H6yQfD/5OXgdrR5UE12gMXCiN9D5Xq2o5mddV2QEcX/bjla99ASsAAQUyMCCRWAEhw==",
            "dev": true,
            "license": "MIT",
            "engines": {
                "node": "*"
            }
        },
        "node_modules/lit": {
            "version": "3.3.2",
            "resolved": "https://registry.npmjs.org/lit/-/lit-3.3.2.tgz",
            "integrity": "sha512-NF9zbsP79l4ao2SNrH3NkfmFgN/hBYSQo90saIVI1o5GpjAdCPVstVzO1MrLOakHoEhYkrtRjPK6Ob521aoYWQ==",
            "license": "BSD-3-Clause",
            "peer": true,
            "dependencies": {
                "@lit/reactive-element": "^2.1.0",
                "lit-element": "^4.2.0",
                "lit-html": "^3.3.0"
            }
        },
        "node_modules/lit-element": {
            "version": "4.2.1",
            "resolved": "https://registry.npmjs.org/lit-element/-/lit-element-4.2.1.tgz",
            "integrity": "sha512-WGAWRGzirAgyphK2urmYOV72tlvnxw7YfyLDgQ+OZnM9vQQBQnumQ7jUJe6unEzwGU3ahFOjuz1iz1jjrpCPuw==",
            "license": "BSD-3-Clause",
            "dependencies": {
                "@lit-labs/ssr-dom-shim": "^1.4.0",
                "@lit/reactive-element": "^2.1.0",
                "lit-html": "^3.3.0"
            }
        },
        "node_modules/lit-html": {
            "version": "3.3.1",
            "resolved": "https://registry.npmjs.org/lit-html/-/lit-html-3.3.1.tgz",
            "integrity": "sha512-S9hbyDu/vs1qNrithiNyeyv64c9yqiW9l+DBgI18fL+MTvOtWoFR0FWiyq1TxaYef5wNlpEmzlXoBlZEO+WjoA==",
            "license": "BSD-3-Clause",
            "dependencies": {
                "@types/trusted-types": "^2.0.2"
            }
        },
        "node_modules/merge2": {
            "version": "1.4.1",
            "resolved": "https://registry.npmjs.org/merge2/-/merge2-1.4.1.tgz",
            "integrity": "sha512-8q7VEgMJW4J8tcfVPy8g09NcQwZdbwFEqhe/WZkoIzjn/3TGDwtOCYtXGxA3O8tPzpczCCDgv+P2P5y00ZJOOg==",
            "dev": true,
            "license": "MIT",
            "engines": {
                "node": ">= 8"
            }
        },
        "node_modules/micromatch": {
            "version": "4.0.8",
            "resolved": "https://registry.npmjs.org/micromatch/-/micromatch-4.0.8.tgz",
            "integrity": "sha512-PXwfBhYu0hBCPw8Dn0E+WDYb7af3dSLVWKi3HGv84IdF4TyFoC0ysxFd0Goxw7nSv4T/PzEJQxsYsEiFCKo2BA==",
            "dev": true,
            "license": "MIT",
            "dependencies": {
                "braces": "^3.0.3",
                "picomatch": "^2.3.1"
            },
            "engines": {
                "node": ">=8.6"
            }
        },
        "node_modules/minimist": {
            "version": "1.2.8",
            "resolved": "https://registry.npmjs.org/minimist/-/minimist-1.2.8.tgz",
            "integrity": "sha512-2yyAR8qBkN3YuheJanUpWC5U3bb5osDywNB8RzDVlDwDHbocAJveqqj1u8+SVD7jkWT4yvsHCpWqqWqAxb0zCA==",
            "dev": true,
            "license": "MIT",
            "funding": {
                "url": "https://github.com/sponsors/ljharb"
            }
        },
        "node_modules/parse5": {
            "version": "7.3.0",
            "resolved": "https://registry.npmjs.org/parse5/-/parse5-7.3.0.tgz",
            "integrity": "sha512-IInvU7fabl34qmi9gY8XOVxhYyMyuH2xUNpb2q8/Y+7552KlejkRvqvD19nMoUW/uQGGbqNpA6Tufu5FL5BZgw==",
            "dev": true,
            "license": "MIT",
            "dependencies": {
                "entities": "^6.0.0"
            },
            "funding": {
                "url": "https://github.com/inikulin/parse5?sponsor=1"
            }
        },
        "node_modules/picomatch": {
            "version": "2.3.1",
            "resolved": "https://registry.npmjs.org/picomatch/-/picomatch-2.3.1.tgz",
            "integrity": "sha512-JU3teHTNjmE2VCGFzuY8EXzCDVwEqB2a8fsIvwaStHhAWJEeVd1o1QD80CU6+ZdEXXSLbSsuLwJjkCBWqRQUVA==",
            "dev": true,
            "license": "MIT",
            "engines": {
                "node": ">=8.6"
            },
            "funding": {
                "url": "https://github.com/sponsors/jonschlinkert"
            }
        },
        "node_modules/qr-creator": {
            "version": "1.0.0",
            "resolved": "https://registry.npmjs.org/qr-creator/-/qr-creator-1.0.0.tgz",
            "integrity": "sha512-C0cqfbS1P5hfqN4NhsYsUXePlk9BO+a45bAQ3xLYjBL3bOIFzoVEjs79Fado9u9BPBD3buHi3+vY+C8tHh4qMQ==",
            "license": "MIT"
        },
        "node_modules/queue-microtask": {
            "version": "1.2.3",
            "resolved": "https://registry.npmjs.org/queue-microtask/-/queue-microtask-1.2.3.tgz",
            "integrity": "sha512-NuaNSa6flKT5JaSYQzJok04JzTL1CA6aGhv5rfLW3PgqA+M2ChpZQnAC8h8i4ZFkBS8X5RqkDBHA7r4hej3K9A==",
            "dev": true,
            "funding": [
                {
                    "type": "github",
                    "url": "https://github.com/sponsors/feross"
                },
                {
                    "type": "patreon",
                    "url": "https://www.patreon.com/feross"
                },
                {
                    "type": "consulting",
                    "url": "https://feross.org/support"
                }
            ],
            "license": "MIT"
        },
        "node_modules/reusify": {
            "version": "1.1.0",
            "resolved": "https://registry.npmjs.org/reusify/-/reusify-1.1.0.tgz",
            "integrity": "sha512-g6QUff04oZpHs0eG5p83rFLhHeV00ug/Yf9nZM6fLeUrPguBTkTQOdpAWWspMh55TZfVQDPaN3NQJfbVRAxdIw==",
            "dev": true,
            "license": "MIT",
            "engines": {
                "iojs": ">=1.0.0",
                "node": ">=0.10.0"
            }
        },
        "node_modules/run-parallel": {
            "version": "1.2.0",
            "resolved": "https://registry.npmjs.org/run-parallel/-/run-parallel-1.2.0.tgz",
            "integrity": "sha512-5l4VyZR86LZ/lDxZTR6jqL8AFE2S0IFLMP26AbjsLVADxHdhB/c0GUsH+y39UfCi3dzz8OlQuPmnaJOMoDHQBA==",
            "dev": true,
            "funding": [
                {
                    "type": "github",
                    "url": "https://github.com/sponsors/feross"
                },
                {
                    "type": "patreon",
                    "url": "https://www.patreon.com/feross"
                },
                {
                    "type": "consulting",
                    "url": "https://feross.org/support"
                }
            ],
            "license": "MIT",
            "dependencies": {
                "queue-microtask": "^1.2.2"
            }
        },
        "node_modules/source-map": {
            "version": "0.6.1",
            "resolved": "https://registry.npmjs.org/source-map/-/source-map-0.6.1.tgz",
            "integrity": "sha512-UjgapumWlbMhkBgzT7Ykc5YXUT46F0iKu8SGXq0bcwP5dz/h0Plj6enJqjz1Zbq2l5WaqYnrVbwWOWMyF3F47g==",
            "dev": true,
            "license": "BSD-3-Clause",
            "engines": {
                "node": ">=0.10.0"
            }
        },
        "node_modules/source-map-support": {
            "version": "0.5.21",
            "resolved": "https://registry.npmjs.org/source-map-support/-/source-map-support-0.5.21.tgz",
            "integrity": "sha512-uBHU3L3czsIyYXKX88fdrGovxdSCoTGDRZ6SYXtSRxLZUzHg5P/66Ht6uoUlHu9EZod+inXhKo3qQgwXUT/y1w==",
            "dev": true,
            "license": "MIT",
            "dependencies": {
                "buffer-from": "^1.0.0",
                "source-map": "^0.6.0"
            }
        },
        "node_modules/to-regex-range": {
            "version": "5.0.1",
            "resolved": "https://registry.npmjs.org/to-regex-range/-/to-regex-range-5.0.1.tgz",
            "integrity": "sha512-65P7iz6X5yEr1cwcgvQxbbIw7Uk3gOy5dIdtZ4rDveLqhrdJP+Li/Hx6tyK0NEb+2GCyneCMJiGqrADCSNk8sQ==",
            "dev": true,
            "license": "MIT",
            "dependencies": {
                "is-number": "^7.0.0"
            },
            "engines": {
                "node": ">=8.0"
            }
        },
        "node_modules/typescript": {
            "version": "5.5.4",
            "resolved": "https://registry.npmjs.org/typescript/-/typescript-5.5.4.tgz",
            "integrity": "sha512-Mtq29sKDAEYP7aljRgtPOpTvOfbwRWlS6dPRzwjdE+C0R4brX/GUyhHSecbHMFLNBLcJIPt9nl9yG5TZ1weH+Q==",
            "dev": true,
            "license": "Apache-2.0",
            "bin": {
                "tsc": "bin/tsc",
                "tsserver": "bin/tsserver"
            },
            "engines": {
                "node": ">=14.17"
            }
        },
        "node_modules/universalify": {
            "version": "2.0.1",
            "resolved": "https://registry.npmjs.org/universalify/-/universalify-2.0.1.tgz",
            "integrity": "sha512-gptHNQghINnc/vTGIk0SOFGFNXw7JVrlRUtConJRlvaw6DuX0wO5Jeko9sWrMBhh+PsYAZ7oXAiOnf/UKogyiw==",
            "dev": true,
            "license": "MIT",
            "engines": {
                "node": ">= 10.0.0"
            }
        }
    }
}
